<?xml version="1.0" encoding="utf-8"?>
<Project ToolsVersion="4.0" xmlns="http://schemas.microsoft.com/developer/msbuild/2003">
  <ItemGroup>
    <Filter Include="Source Files">
      <UniqueIdentifier>{4FC737F1-C7A5-4376-A066-2A32D752A2FF}</UniqueIdentifier>
      <Extensions>cpp;c;cc;cxx;def;odl;idl;hpj;bat;asm;asmx</Extensions>
    </Filter>
    <Filter Include="Header Files">
      <UniqueIdentifier>{93995380-89BD-4b04-88EB-625FBE52EBFB}</UniqueIdentifier>
      <Extensions>h;hh;hpp;hxx;hm;inl;inc;ipp;xsd</Extensions>
    </Filter>
    <Filter Include="Resource Files">
      <UniqueIdentifier>{67DA6AB6-F800-4c08-8B7A-83BB121AAD01}</UniqueIdentifier>
      <Extensions>rc;ico;cur;bmp;dlg;rc2;rct;bin;rgs;gif;jpg;jpeg;jpe;resx;tiff;tif;png;wav;mfcribbon-ms</Extensions>
    </Filter>
  </ItemGroup>
  <ItemGroup>
    <ClCompile Include="gleng\src\entitymanager.cpp">
      <Filter>Source Files</Filter>
    </ClCompile>
    <ClCompile Include="gleng\src\entityarchetypes.cpp">
      <Filter>Source Files</Filter>
    </ClCompile>
    <ClCompile Include="gleng\src\component.cpp">
      <Filter>Source Files</Filter>
    </ClCompile>
    <ClCompile Include="gleng\src\componentmanager.cpp">
      <Filter>Source Files</Filter>
    </ClCompile>
    <ClCompile Include="gleng\src\memoryblocks.cpp">
      <Filter>Source Files</Filter>
    </ClCompile>
    <ClCompile Include="gleng\src\system.cpp">
      <Filter>Source Files</Filter>
    </ClCompile>
  </ItemGroup>
  <ItemGroup>
    <ClInclude Include="gleng\include\entity.h">
      <Filter>Header Files</Filter>
    </ClInclude>
    <ClInclude Include="gleng\include\entitymanager.h">
      <Filter>Header Files</Filter>
    </ClInclude>
    <ClInclude Include="gleng\include\world.h">
      <Filter>Header Files</Filter>
    </ClInclude>
    <ClInclude Include="gleng\include\gleng.h">
      <Filter>Header Files</Filter>
    </ClInclude>
    <ClInclude Include="gleng\include\component.h">
      <Filter>Header Files</Filter>
    </ClInclude>
    <ClInclude Include="gleng\include\entityarchetypes.h">
      <Filter>Header Files</Filter>
    </ClInclude>
    <ClInclude Include="gleng\include\componentmanager.h">
      <Filter>Header Files</Filter>
    </ClInclude>
    <ClInclude Include="gleng\include\util.h">
      <Filter>Header Files</Filter>
    </ClInclude>
    <ClInclude Include="gleng\include\memoryblocks.h">
      <Filter>Header Files</Filter>
    </ClInclude>
    <ClInclude Include="gleng\include\componentiterator.h">
      <Filter>Header Files</Filter>
    </ClInclude>
    <ClInclude Include="gleng\include\system.h">
      <Filter>Header Files</Filter>
    </ClInclude>
    <ClInclude Include="gleng\include\systemmanager.h">
      <Filter>Header Files</Filter>
    </ClInclude>
    <ClInclude Include="gleng\include\events.h">
      <Filter>Header Files</Filter>
    </ClInclude>
    <ClInclude Include="gleng\include\eventmanager.h">
      <Filter>Header Files</Filter>
    </ClInclude>
    <ClInclude Include="gleng\include\eventlistener.h">
      <Filter>Header Files</Filter>
    </ClInclude>
  </ItemGroup>
  <ItemGroup>
    <None Include="cpp.hint" />
  </ItemGroup>
</Project>